// !$*UTF8*$!
{
	archiveVersion = 1;
	classes = {
	};
	objectVersion = 46;
	objects = {

/* Begin PBXBuildFile section */
		32C5FDDC1AC9783900DD4929 /* AppDelegate.swift in Sources */ = {isa = PBXBuildFile; fileRef = 32C5FDDB1AC9783900DD4929 /* AppDelegate.swift */; };
		32C5FDDE1AC9783900DD4929 /* ViewController.swift in Sources */ = {isa = PBXBuildFile; fileRef = 32C5FDDD1AC9783900DD4929 /* ViewController.swift */; };
		32C5FDE11AC9783900DD4929 /* Main.storyboard in Resources */ = {isa = PBXBuildFile; fileRef = 32C5FDDF1AC9783900DD4929 /* Main.storyboard */; };
		32C5FDE31AC9783900DD4929 /* Images.xcassets in Resources */ = {isa = PBXBuildFile; fileRef = 32C5FDE21AC9783900DD4929 /* Images.xcassets */; };
		32C5FDE61AC9783900DD4929 /* LaunchScreen.xib in Resources */ = {isa = PBXBuildFile; fileRef = 32C5FDE41AC9783900DD4929 /* LaunchScreen.xib */; };
		32C5FDF21AC9783900DD4929 /* UIKitTestTests.swift in Sources */ = {isa = PBXBuildFile; fileRef = 32C5FDF11AC9783900DD4929 /* UIKitTestTests.swift */; };
/* End PBXBuildFile section */

/* Begin PBXContainerItemProxy section */
		32C5FDEC1AC9783900DD4929 /* PBXContainerItemProxy */ = {
			isa = PBXContainerItemProxy;
			containerPortal = 32C5FDCE1AC9783900DD4929 /* Project object */;
			proxyType = 1;
			remoteGlobalIDString = 32C5FDD51AC9783900DD4929;
			remoteInfo = UIKitTest;
		};
/* End PBXContainerItemProxy section */

/* Begin PBXFileReference section */
		32C5FDD61AC9783900DD4929 /* UIKitTest.app */ = {isa = PBXFileReference; explicitFileType = wrapper.application; includeInIndex = 0; path = UIKitTest.app; sourceTree = BUILT_PRODUCTS_DIR; };
		32C5FDDA1AC9783900DD4929 /* Info.plist */ = {isa = PBXFileReference; lastKnownFileType = text.plist.xml; path = Info.plist; sourceTree = "<group>"; };
		32C5FDDB1AC9783900DD4929 /* AppDelegate.swift */ = {isa = PBXFileReference; lastKnownFileType = sourcecode.swift; path = AppDelegate.swift; sourceTree = "<group>"; };
		32C5FDDD1AC9783900DD4929 /* ViewController.swift */ = {isa = PBXFileReference; lastKnownFileType = sourcecode.swift; path = ViewController.swift; sourceTree = "<group>"; };
		32C5FDE01AC9783900DD4929 /* Base */ = {isa = PBXFileReference; lastKnownFileType = file.storyboard; name = Base; path = Base.lproj/Main.storyboard; sourceTree = "<group>"; };
		32C5FDE21AC9783900DD4929 /* Images.xcassets */ = {isa = PBXFileReference; lastKnownFileType = folder.assetcatalog; path = Images.xcassets; sourceTree = "<group>"; };
		32C5FDE51AC9783900DD4929 /* Base */ = {isa = PBXFileReference; lastKnownFileType = file.xib; name = Base; path = Base.lproj/LaunchScreen.xib; sourceTree = "<group>"; };
		32C5FDEB1AC9783900DD4929 /* UIKitTestTests.xctest */ = {isa = PBXFileReference; explicitFileType = wrapper.cfbundle; includeInIndex = 0; path = UIKitTestTests.xctest; sourceTree = BUILT_PRODUCTS_DIR; };
		32C5FDF01AC9783900DD4929 /* Info.plist */ = {isa = PBXFileReference; lastKnownFileType = text.plist.xml; path = Info.plist; sourceTree = "<group>"; };
		32C5FDF11AC9783900DD4929 /* UIKitTestTests.swift */ = {isa = PBXFileReference; lastKnownFileType = sourcecode.swift; path = UIKitTestTests.swift; sourceTree = "<group>"; };
/* End PBXFileReference section */

/* Begin PBXFrameworksBuildPhase section */
		32C5FDD31AC9783900DD4929 /* Frameworks */ = {
			isa = PBXFrameworksBuildPhase;
			buildActionMask = 2147483647;
			files = (
			);
			runOnlyForDeploymentPostprocessing = 0;
		};
		32C5FDE81AC9783900DD4929 /* Frameworks */ = {
			isa = PBXFrameworksBuildPhase;
			buildActionMask = 2147483647;
			files = (
			);
			runOnlyForDeploymentPostprocessing = 0;
		};
/* End PBXFrameworksBuildPhase section */

/* Begin PBXGroup section */
		32C5FDCD1AC9783900DD4929 = {
			isa = PBXGroup;
			children = (
				32C5FDD81AC9783900DD4929 /* UIKitTest */,
				32C5FDEE1AC9783900DD4929 /* UIKitTestTests */,
				32C5FDD71AC9783900DD4929 /* Products */,
			);
			sourceTree = "<group>";
		};
		32C5FDD71AC9783900DD4929 /* Products */ = {
			isa = PBXGroup;
			children = (
				32C5FDD61AC9783900DD4929 /* UIKitTest.app */,
				32C5FDEB1AC9783900DD4929 /* UIKitTestTests.xctest */,
			);
			name = Products;
			sourceTree = "<group>";
		};
		32C5FDD81AC9783900DD4929 /* UIKitTest */ = {
			isa = PBXGroup;
			children = (
				32C5FDDB1AC9783900DD4929 /* AppDelegate.swift */,
				32C5FDDD1AC9783900DD4929 /* ViewController.swift */,
				32C5FDDF1AC9783900DD4929 /* Main.storyboard */,
				32C5FDE21AC9783900DD4929 /* Images.xcassets */,
				32C5FDE41AC9783900DD4929 /* LaunchScreen.xib */,
				32C5FDD91AC9783900DD4929 /* Supporting Files */,
			);
			path = UIKitTest;
			sourceTree = "<group>";
		};
		32C5FDD91AC9783900DD4929 /* Supporting Files */ = {
			isa = PBXGroup;
			children = (
				32C5FDDA1AC9783900DD4929 /* Info.plist */,
			);
			name = "Supporting Files";
			sourceTree = "<group>";
		};
		32C5FDEE1AC9783900DD4929 /* UIKitTestTests */ = {
			isa = PBXGroup;
			children = (
				32C5FDF11AC9783900DD4929 /* UIKitTestTests.swift */,
				32C5FDEF1AC9783900DD4929 /* Supporting Files */,
			);
			path = UIKitTestTests;
			sourceTree = "<group>";
		};
		32C5FDEF1AC9783900DD4929 /* Supporting Files */ = {
			isa = PBXGroup;
			children = (
				32C5FDF01AC9783900DD4929 /* Info.plist */,
			);
			name = "Supporting Files";
			sourceTree = "<group>";
		};
/* End PBXGroup section */

/* Begin PBXNativeTarget section */
		32C5FDD51AC9783900DD4929 /* UIKitTest */ = {
			isa = PBXNativeTarget;
			buildConfigurationList = 32C5FDF51AC9783900DD4929 /* Build configuration list for PBXNativeTarget "UIKitTest" */;
			buildPhases = (
				32C5FDD21AC9783900DD4929 /* Sources */,
				32C5FDD31AC9783900DD4929 /* Frameworks */,
				32C5FDD41AC9783900DD4929 /* Resources */,
			);
			buildRules = (
			);
			dependencies = (
			);
			name = UIKitTest;
			productName = UIKitTest;
			productReference = 32C5FDD61AC9783900DD4929 /* UIKitTest.app */;
			productType = "com.apple.product-type.application";
		};
		32C5FDEA1AC9783900DD4929 /* UIKitTestTests */ = {
			isa = PBXNativeTarget;
			buildConfigurationList = 32C5FDF81AC9783900DD4929 /* Build configuration list for PBXNativeTarget "UIKitTestTests" */;
			buildPhases = (
				32C5FDE71AC9783900DD4929 /* Sources */,
				32C5FDE81AC9783900DD4929 /* Frameworks */,
				32C5FDE91AC9783900DD4929 /* Resources */,
			);
			buildRules = (
			);
			dependencies = (
				32C5FDED1AC9783900DD4929 /* PBXTargetDependency */,
			);
			name = UIKitTestTests;
			productName = UIKitTestTests;
			productReference = 32C5FDEB1AC9783900DD4929 /* UIKitTestTests.xctest */;
			productType = "com.apple.product-type.bundle.unit-test";
		};
/* End PBXNativeTarget section */

/* Begin PBXProject section */
		32C5FDCE1AC9783900DD4929 /* Project object */ = {
			isa = PBXProject;
			attributes = {
				LastUpgradeCheck = 0620;
				ORGANIZATIONNAME = lizhuoli;
				TargetAttributes = {
					32C5FDD51AC9783900DD4929 = {
						CreatedOnToolsVersion = 6.2;
					};
					32C5FDEA1AC9783900DD4929 = {
						CreatedOnToolsVersion = 6.2;
						TestTargetID = 32C5FDD51AC9783900DD4929;
					};
				};
			};
			buildConfigurationList = 32C5FDD11AC9783900DD4929 /* Build configuration list for PBXProject "UIKitTest" */;
			compatibilityVersion = "Xcode 3.2";
			developmentRegion = English;
			hasScannedForEncodings = 0;
			knownRegions = (
				en,
				Base,
			);
			mainGroup = 32C5FDCD1AC9783900DD4929;
			productRefGroup = 32C5FDD71AC9783900DD4929 /* Products */;
			projectDirPath = "";
			projectRoot = "";
			targets = (
				32C5FDD51AC9783900DD4929 /* UIKitTest */,
				32C5FDEA1AC9783900DD4929 /* UIKitTestTests */,
			);
		};
/* End PBXProject section */

/* Begin PBXResourcesBuildPhase section */
		32C5FDD41AC9783900DD4929 /* Resources */ = {
			isa = PBXResourcesBuildPhase;
			buildActionMask = 2147483647;
			files = (
				32C5FDE11AC9783900DD4929 /* Main.storyboard in Resources */,
				32C5FDE61AC9783900DD4929 /* LaunchScreen.xib in Resources */,
				32C5FDE31AC9783900DD4929 /* Images.xcassets in Resources */,
			);
			runOnlyForDeploymentPostprocessing = 0;
		};
		32C5FDE91AC9783900DD4929 /* Resources */ = {
			isa = PBXResourcesBuildPhase;
			buildActionMask = 2147483647;
			files = (
			);
			runOnlyForDeploymentPostprocessing = 0;
		};
/* End PBXResourcesBuildPhase section */

/* Begin PBXSourcesBuildPhase section */
		32C5FDD21AC9783900DD4929 /* Sources */ = {
			isa = PBXSourcesBuildPhase;
			buildActionMask = 2147483647;
			files = (
				32C5FDDE1AC9783900DD4929 /* ViewController.swift in Sources */,
				32C5FDDC1AC9783900DD4929 /* AppDelegate.swift in Sources */,
			);
			runOnlyForDeploymentPostprocessing = 0;
		};
		32C5FDE71AC9783900DD4929 /* Sources */ = {
			isa = PBXSourcesBuildPhase;
			buildActionMask = 2147483647;
			files = (
				32C5FDF21AC9783900DD4929 /* UIKitTestTests.swift in Sources */,
			);
			runOnlyForDeploymentPostprocessing = 0;
		};
/* End PBXSourcesBuildPhase section */

/* Begin PBXTargetDependency section */
		32C5FDED1AC9783900DD4929 /* PBXTargetDependency */ = {
			isa = PBXTargetDependency;
			target = 32C5FDD51AC9783900DD4929 /* UIKitTest */;
			targetProxy = 32C5FDEC1AC9783900DD4929 /* PBXContainerItemProxy */;
		};
/* End PBXTargetDependency section */

/* Begin PBXVariantGroup section */
		32C5FDDF1AC9783900DD4929 /* Main.storyboard */ = {
			isa = PBXVariantGroup;
			children = (
				32C5FDE01AC9783900DD4929 /* Base */,
			);
			name = Main.storyboard;
			sourceTree = "<group>";
		};
		32C5FDE41AC9783900DD4929 /* LaunchScreen.xib */ = {
			isa = PBXVariantGroup;
			children = (
				32C5FDE51AC9783900DD4929 /* Base */,
			);
			name = LaunchScreen.xib;
			sourceTree = "<group>";
		};
/* End PBXVariantGroup section */

/* Begin XCBuildConfiguration section */
		32C5FDF31AC9783900DD4929 /* Debug */ = {
			isa = XCBuildConfiguration;
			buildSettings = {
				ALWAYS_SEARCH_USER_PATHS = NO;
				CLANG_CXX_LANGUAGE_STANDARD = "gnu++0x";
				CLANG_CXX_LIBRARY = "libc++";
				CLANG_ENABLE_MODULES = YES;
				CLANG_ENABLE_OBJC_ARC = YES;
				CLANG_WARN_BOOL_CONVERSION = YES;
				CLANG_WARN_CONSTANT_CONVERSION = YES;
				CLANG_WARN_DIRECT_OBJC_ISA_USAGE = YES_ERROR;
				CLANG_WARN_EMPTY_BODY = YES;
				CLANG_WARN_ENUM_CONVERSION = YES;
				CLANG_WARN_INT_CONVERSION = YES;
				CLANG_WARN_OBJC_ROOT_CLASS = YES_ERROR;
				CLANG_WARN_UNREACHABLE_CODE = YES;
				CLANG_WARN__DUPLICATE_METHOD_MATCH = YES;
				"CODE_SIGN_IDENTITY[sdk=iphoneos*]" = "iPhone Developer";
				COPY_PHASE_STRIP = NO;
				ENABLE_STRICT_OBJC_MSGSEND = YES;
				GCC_C_LANGUAGE_STANDARD = gnu99;
				GCC_DYNAMIC_NO_PIC = NO;
				GCC_OPTIMIZATION_LEVEL = 0;
				GCC_PREPROCESSOR_DEFINITIONS = (
					"DEBUG=1",
					"$(inherited)",
				);
				GCC_SYMBOLS_PRIVATE_EXTERN = NO;
				GCC_WARN_64_TO_32_BIT_CONVERSION = YES;
				GCC_WARN_ABOUT_RETURN_TYPE = YES_ERROR;
				GCC_WARN_UNDECLARED_SELECTOR = YES;
				GCC_WARN_UNINITIALIZED_AUTOS = YES_AGGRESSIVE;
				GCC_WARN_UNUSED_FUNCTION = YES;
				GCC_WARN_UNUSED_VARIABLE = YES;
				IPHONEOS_DEPLOYMENT_TARGET = 8.2;
				MTL_ENABLE_DEBUG_INFO = YES;
				ONLY_ACTIVE_ARCH = YES;
				SDKROOT = iphoneos;
				SWIFT_OPTIMIZATION_LEVEL = "-Onone";
				TARGETED_DEVICE_FAMILY = "1,2";
			};
			name = Debug;
		};
		32C5FDF41AC9783900DD4929 /* Release */ = {
			isa = XCBuildConfiguration;
			buildSettings = {
				ALWAYS_SEARCH_USER_PATHS = NO;
				CLANG_CXX_LANGUAGE_STANDARD = "gnu++0x";
				CLANG_CXX_LIBRARY = "libc++";
				CLANG_ENABLE_MODULES = YES;
				CLANG_ENABLE_OBJC_ARC = YES;
				CLANG_WARN_BOOL_CONVERSION = YES;
				CLANG_WARN_CONSTANT_CONVERSION = YES;
				CLANG_WARN_DIRECT_OBJC_ISA_USAGE = YES_ERROR;
				CLANG_WARN_EMPTY_BODY = YES;
				CLANG_WARN_ENUM_CONVERSION = YES;
				CLANG_WARN_INT_CONVERSION = YES;
				CLANG_WARN_OBJC_ROOT_CLASS = YES_ERROR;
				CLANG_WARN_UNREACHABLE_CODE = YES;
				CLANG_WARN__DUPLICATE_METHOD_MATCH = YES;
				"CODE_SIGN_IDENTITY[sdk=iphoneos*]" = "iPhone Developer";
				COPY_PHASE_STRIP = NO;
				ENABLE_NS_ASSERTIONS = NO;
				ENABLE_STRICT_OBJC_MSGSEND = YES;
				GCC_C_LANGUAGE_STANDARD = gnu99;
				GCC_WARN_64_TO_32_BIT_CONVERSION = YES;
				GCC_WARN_ABOUT_RETURN_TYPE = YES_ERROR;
				GCC_WARN_UNDECLARED_SELECTOR = YES;
				GCC_WARN_UNINITIALIZED_AUTOS = YES_AGGRESSIVE;
				GCC_WARN_UNUSED_FUNCTION = YES;
				GCC_WARN_UNUSED_VARIABLE = YES;
				IPHONEOS_DEPLOYMENT_TARGET = 8.2;
				MTL_ENABLE_DEBUG_INFO = NO;
				SDKROOT = iphoneos;
				TARGETED_DEVICE_FAMILY = "1,2";
				VALIDATE_PRODUCT = YES;
			};
			name = Release;
		};
		32C5FDF61AC9783900DD4929 /* Debug */ = {
			isa = XCBuildConfiguration;
			buildSettings = {
				ASSETCATALOG_COMPILER_APPICON_NAME = AppIcon;
				INFOPLIST_FILE = UIKitTest/Info.plist;
				LD_RUNPATH_SEARCH_PATHS = "$(inherited) @executable_path/Frameworks";
				PRODUCT_NAME = "$(TARGET_NAME)";
			};
			name = Debug;
		};
		32C5FDF71AC9783900DD4929 /* Release */ = {
			isa = XCBuildConfiguration;
			buildSettings = {
				ASSETCATALOG_COMPILER_APPICON_NAME = AppIcon;
				INFOPLIST_FILE = UIKitTest/Info.plist;
				LD_RUNPATH_SEARCH_PATHS = "$(inherited) @executable_path/Frameworks";
				PRODUCT_NAME = "$(TARGET_NAME)";
			};
			name = Release;
		};
		32C5FDF91AC9783900DD4929 /* Debug */ = {
			isa = XCBuildConfiguration;
			buildSettings = {
				BUNDLE_LOADER = "$(TEST_HOST)";
				FRAMEWORK_SEARCH_PATHS = (
					"$(SDKROOT)/Developer/Library/Frameworks",
					"$(inherited)",
				);
				GCC_PREPROCESSOR_DEFINITIONS = (
					"DEBUG=1",
					"$(inherited)",
				);
				INFOPLIST_FILE = UIKitTestTests/Info.plist;
				LD_RUNPATH_SEARCH_PATHS = "$(inherited) @executable_path/Frameworks @loader_path/Frameworks";
				PRODUCT_NAME = "$(TARGET_NAME)";
				TEST_HOST = "$(BUILT_PRODUCTS_DIR)/UIKitTest.app/UIKitTest";
			};
			name = Debug;
		};
		32C5FDFA1AC9783900DD4929 /* Release */ = {
			isa = XCBuildConfiguration;
			buildSettings = {
				BUNDLE_LOADER = "$(TEST_HOST)";
				FRAMEWORK_SEARCH_PATHS = (
					"$(SDKROOT)/Developer/Library/Frameworks",
					"$(inherited)",
				);
				INFOPLIST_FILE = UIKitTestTests/Info.plist;
				LD_RUNPATH_SEARCH_PATHS = "$(inherited) @executable_path/Frameworks @loader_path/Frameworks";
				PRODUCT_NAME = "$(TARGET_NAME)";
				TEST_HOST = "$(BUILT_PRODUCTS_DIR)/UIKitTest.app/UIKitTest";
			};
			name = Release;
		};
/* End XCBuildConfiguration section */

/* Begin XCConfigurationList section */
		32C5FDD11AC9783900DD4929 /* Build configuration list for PBXProject "UIKitTest" */ = {
			isa = XCConfigurationList;
			buildConfigurations = (
				32C5FDF31AC9783900DD4929 /* Debug */,
				32C5FDF41AC9783900DD4929 /* Release */,
			);
			defaultConfigurationIsVisible = 0;
			defaultConfigurationName = Release;
		};
		32C5FDF51AC9783900DD4929 /* Build configuration list for PBXNativeTarget "UIKitTest" */ = {
			isa = XCConfigurationList;
			buildConfigurations = (
				32C5FDF61AC9783900DD4929 /* Debug */,
				32C5FDF71AC9783900DD4929 /* Release */,
			);
			defaultConfigurationIsVisible = 0;
		};
		32C5FDF81AC9783900DD4929 /* Build configuration list for PBXNativeTarget "UIKitTestTests" */ = {
			isa = XCConfigurationList;
			buildConfigurations = (
				32C5FDF91AC9783900DD4929 /* Debug */,
				32C5FDFA1AC9783900DD4929 /* Release */,
			);
			defaultConfigurationIsVisible = 0;
		};
/* End XCConfigurationList section */
	};
	rootObject = 32C5FDCE1AC9783900DD4929 /* Project object */;
}
